<?xml version="1.0" encoding="UTF-8" standalone="yes" ?>
<CodeBlocks_project_file>
	<FileVersion major="1" minor="6" />
	<Project>
		<Option title="Pi" />
		<Option pch_mode="2" />
		<Option compiler="gcc" />
		<Build>
			<Target title="Debug">
				<Option output="bin/Debug/Equipe7_labo5" prefix_auto="1" extension_auto="1" />
				<Option object_output="obj/Debug/" />
				<Option type="1" />
				<Option compiler="gcc" />
				<Compiler>
					<Add option="-std=c++11" />
					<Add option="-fopenmp" />
				</Compiler>
				<Linker>
					<Add library="glut32" />
					<Add library="opengl32" />
					<Add library="glu32" />
					<Add library="winmm" />
					<Add library="gdi32" />
					<Add library="lib\libgomp-1.dll" />
					<Add directory="C:/Program Files (x86)/CodeBlocks/MinGW/lib" />
				</Linker>
			</Target>
			<Target title="Release">
				<Option output="bin/Release/Labo_Equipe4" prefix_auto="1" extension_auto="1" />
				<Option object_output="obj/Release/" />
				<Option type="1" />
				<Option compiler="gcc" />
				<Compiler>
					<Add option="-O2" />
				</Compiler>
				<Linker>
					<Add option="-s" />
				</Linker>
			</Target>
		</Build>
		<Compiler>
			<Add option="-Wall" />
			<Add option="-fexceptions" />
		</Compiler>
		<Unit filename="GeomGlut.cpp" />
		<Unit filename="GeomGlut.h" />
		<Unit filename="main.cpp" />
		<Unit filename="main.h" />
		<Unit filename="simpson.cpp" />
		<Unit filename="simpson.h" />
		<Extensions>
			<code_completion />
			<debugger />
			<envvars />
		</Extensions>
	</Project>
</CodeBlocks_project_file>
